{
    "_meta": {
        "hash": {
            "sha256": "8977880d84efd2f59b4e596a29870093ad679057c87302bb190ba9601b33818b"
        },
        "pipfile-spec": 6,
        "requires": {
            "python_version": "3.7"
        },
        "sources": [
            {
                "name": "pypi",
                "url": "https://pypi.org/simple",
                "verify_ssl": true
            }
        ]
    },
    "default": {
        "litex": {
            "path": "./lib/litex"
        }
    },
    "develop": {
        "litedram": {
            "path": "./lib/litedram"
        },
        "litex": {
            "path": "./lib/litex"
        },
        "migen": {
            "path": "./lib/migen"
        }
    }
}
