{
    "_meta": {
        "hash": {
            "sha256": "a0afc453ac52786e0b42bbee99b0c5be41109e414a3486fda5e65a6f8621ab57"
        },
        "pipfile-spec": 6,
        "requires": {
            "python_version": "3.7"
        },
        "sources": [
            {
                "name": "pypi",
                "url": "https://pypi.org/simple",
                "verify_ssl": true
            }
        ]
    },
    "default": {},
    "develop": {
        "colorama": {
            "hashes": [
                "sha256:05eed71e2e327246ad6b38c540c4a3117230b19679b875190486ddd2d721422d",
                "sha256:f8ac84de7840f5b9c4e3347b3c1eaa50f7e49c2b07596221daec5edaabbd7c48"
            ],
            "version": "==0.4.1"
        },
        "litedram": {
            "editable": true,
            "path": "./lib/litedram"
        },
        "liteeth": {
            "editable": true,
            "path": "./lib/liteeth"
        },
        "litepcie": {
            "editable": true,
            "path": "./lib/litepcie"
        },
        "litescope": {
            "editable": true,
            "path": "./lib/litescope"
        },
        "litex": {
            "editable": true,
            "path": "./lib/litex"
        },
        "migen": {
            "editable": true,
            "path": "./lib/migen"
        },
        "pyserial": {
            "hashes": [
                "sha256:6e2d401fdee0eab996cf734e67773a0143b932772ca8b42451440cfed942c627",
                "sha256:e0770fadba80c31013896c7e6ef703f72e7834965954a78e71a3049488d4d7d8"
            ],
            "version": "==3.4"
        }
    }
}
